
Microsoft Visual Studio Solution File, Format Version 12.00
# Visual Studio 15
VisualStudioVersion = 15.0.28010.2036
MinimumVisualStudioVersion = 10.0.40219.1
Project("{FAE04EC0-301F-11D3-BF4B-00C04F79EFBC}") = "WindowsServiceGenericHostWithTopshelf", "WindowsServiceGenericHostWithTopshelf\WindowsServiceGenericHostWithTopshelf.csproj", "{A439AF30-F9AF-4BF0-997F-EC26049D5558}"
EndProject
Global
	GlobalSection(SolutionConfigurationPlatforms) = preSolution
		Debug|Any CPU = Debug|Any CPU
		Release|Any CPU = Release|Any CPU
	EndGlobalSection
	GlobalSection(ProjectConfigurationPlatforms) = postSolution
		{A439AF30-F9AF-4BF0-997F-EC26049D5558}.Debug|Any CPU.ActiveCfg = Debug|Any CPU
		{A439AF30-F9AF-4BF0-997F-EC26049D5558}.Debug|Any CPU.Build.0 = Debug|Any CPU
		{A439AF30-F9AF-4BF0-997F-EC26049D5558}.Release|Any CPU.ActiveCfg = Release|Any CPU
		{A439AF30-F9AF-4BF0-997F-EC26049D5558}.Release|Any CPU.Build.0 = Release|Any CPU
	EndGlobalSection
	GlobalSection(SolutionProperties) = preSolution
		HideSolutionNode = FALSE
	EndGlobalSection
	GlobalSection(ExtensibilityGlobals) = postSolution
		SolutionGuid = {D208DC39-6D1A-4603-87AA-3834999B554A}
	EndGlobalSection
EndGlobal
